
Microsoft Visual Studio Solution File, Format Version 12.00
# Visual Studio Version 17
VisualStudioVersion = 17.5.002.0
MinimumVisualStudioVersion = 10.0.40219.1
Project("{9A19103F-16F7-4668-BE54-9A1E7A4F7556}") = "NotificationHub", "NotificationHub.csproj", "{962AC1CE-A673-4264-B3F4-32403812A9C3}"
EndProject
Global
	GlobalSection(SolutionConfigurationPlatforms) = preSolution
		Debug|Any CPU = Debug|Any CPU
		Release|Any CPU = Release|Any CPU
	EndGlobalSection
	GlobalSection(ProjectConfigurationPlatforms) = postSolution
		{962AC1CE-A673-4264-B3F4-32403812A9C3}.Debug|Any CPU.ActiveCfg = Debug|Any CPU
		{962AC1CE-A673-4264-B3F4-32403812A9C3}.Debug|Any CPU.Build.0 = Debug|Any CPU
		{962AC1CE-A673-4264-B3F4-32403812A9C3}.Release|Any CPU.ActiveCfg = Release|Any CPU
		{962AC1CE-A673-4264-B3F4-32403812A9C3}.Release|Any CPU.Build.0 = Release|Any CPU
	EndGlobalSection
	GlobalSection(SolutionProperties) = preSolution
		HideSolutionNode = FALSE
	EndGlobalSection
	GlobalSection(ExtensibilityGlobals) = postSolution
		SolutionGuid = {7947655C-1739-42D6-9940-0070CA34915F}
	EndGlobalSection
EndGlobal
